
Microsoft Visual Studio Solution File, Format Version 12.00
# Visual Studio Version 17
VisualStudioVersion = 17.5.33516.290
MinimumVisualStudioVersion = 10.0.40219.1
Project("{2150E333-8FDC-42A3-9474-1A3956D46DE8}") = "1 - Autenticacao", "1 - Autenticacao", "{965FFAF4-063B-498E-BB09-AEC33057E986}"
EndProject
Project("{2150E333-8FDC-42A3-9474-1A3956D46DE8}") = "2 - Gateway", "2 - Gateway", "{6B29079B-505B-4387-8AFB-DB6B50091E83}"
EndProject
Project("{2150E333-8FDC-42A3-9474-1A3956D46DE8}") = "3 - FluxoCaixa", "3 - FluxoCaixa", "{CD7BF46D-C3A8-47AB-9691-7F00E5838452}"
EndProject
Project("{9A19103F-16F7-4668-BE54-9A1E7A4F7556}") = "Desafio.BancoCarrefour.Authentication", "Desafio.BancoCarrefour.Autenticacao\Desafio.BancoCarrefour.Authentication.csproj", "{8CE9728A-183B-4745-8681-5E0D57DC475D}"
EndProject
Project("{9A19103F-16F7-4668-BE54-9A1E7A4F7556}") = "Desafio.BancoCarrefour.Gateway", "Desafio.BancoCarrefour.Gateway\Desafio.BancoCarrefour.Gateway.csproj", "{3B579F6F-FC66-4F5B-BDFB-CDCAE1344650}"
EndProject
Project("{9A19103F-16F7-4668-BE54-9A1E7A4F7556}") = "Desafio.BancoCarrefour.FluxoCaixa", "Desafio.BancoCarrefour.FluxoCaixa\Desafio.BancoCarrefour.FluxoCaixa.csproj", "{EACC106B-4B9B-40E6-A4EE-7F38292D26D8}"
EndProject
Project("{9A19103F-16F7-4668-BE54-9A1E7A4F7556}") = "Desafio.BancoCarrefour.FluxoCaixa.Tests", "Desafio.BancoCarrefour.FluxoCaixa.Tests\Desafio.BancoCarrefour.FluxoCaixa.Tests.csproj", "{2DBE1200-CD73-423C-AAB7-59EE11A77008}"
EndProject
Project("{2150E333-8FDC-42A3-9474-1A3956D46DE8}") = "0 - ReadMe", "0 - ReadMe", "{FB973113-6826-449E-94EC-E141715F2EF6}"
	ProjectSection(SolutionItems) = preProject
		C:\Users\sucos\OneDrive\Documentos\DesafioCarrefour\Arquitetura.docx = C:\Users\sucos\OneDrive\Documentos\DesafioCarrefour\Arquitetura.docx
	EndProjectSection
EndProject
Global
	GlobalSection(SolutionConfigurationPlatforms) = preSolution
		Debug|Any CPU = Debug|Any CPU
		Release|Any CPU = Release|Any CPU
	EndGlobalSection
	GlobalSection(ProjectConfigurationPlatforms) = postSolution
		{8CE9728A-183B-4745-8681-5E0D57DC475D}.Debug|Any CPU.ActiveCfg = Debug|Any CPU
		{8CE9728A-183B-4745-8681-5E0D57DC475D}.Debug|Any CPU.Build.0 = Debug|Any CPU
		{8CE9728A-183B-4745-8681-5E0D57DC475D}.Release|Any CPU.ActiveCfg = Release|Any CPU
		{8CE9728A-183B-4745-8681-5E0D57DC475D}.Release|Any CPU.Build.0 = Release|Any CPU
		{3B579F6F-FC66-4F5B-BDFB-CDCAE1344650}.Debug|Any CPU.ActiveCfg = Debug|Any CPU
		{3B579F6F-FC66-4F5B-BDFB-CDCAE1344650}.Debug|Any CPU.Build.0 = Debug|Any CPU
		{3B579F6F-FC66-4F5B-BDFB-CDCAE1344650}.Release|Any CPU.ActiveCfg = Release|Any CPU
		{3B579F6F-FC66-4F5B-BDFB-CDCAE1344650}.Release|Any CPU.Build.0 = Release|Any CPU
		{EACC106B-4B9B-40E6-A4EE-7F38292D26D8}.Debug|Any CPU.ActiveCfg = Debug|Any CPU
		{EACC106B-4B9B-40E6-A4EE-7F38292D26D8}.Debug|Any CPU.Build.0 = Debug|Any CPU
		{EACC106B-4B9B-40E6-A4EE-7F38292D26D8}.Release|Any CPU.ActiveCfg = Release|Any CPU
		{EACC106B-4B9B-40E6-A4EE-7F38292D26D8}.Release|Any CPU.Build.0 = Release|Any CPU
		{2DBE1200-CD73-423C-AAB7-59EE11A77008}.Debug|Any CPU.ActiveCfg = Debug|Any CPU
		{2DBE1200-CD73-423C-AAB7-59EE11A77008}.Debug|Any CPU.Build.0 = Debug|Any CPU
		{2DBE1200-CD73-423C-AAB7-59EE11A77008}.Release|Any CPU.ActiveCfg = Release|Any CPU
		{2DBE1200-CD73-423C-AAB7-59EE11A77008}.Release|Any CPU.Build.0 = Release|Any CPU
	EndGlobalSection
	GlobalSection(SolutionProperties) = preSolution
		HideSolutionNode = FALSE
	EndGlobalSection
	GlobalSection(NestedProjects) = preSolution
		{8CE9728A-183B-4745-8681-5E0D57DC475D} = {965FFAF4-063B-498E-BB09-AEC33057E986}
		{3B579F6F-FC66-4F5B-BDFB-CDCAE1344650} = {6B29079B-505B-4387-8AFB-DB6B50091E83}
		{EACC106B-4B9B-40E6-A4EE-7F38292D26D8} = {CD7BF46D-C3A8-47AB-9691-7F00E5838452}
		{2DBE1200-CD73-423C-AAB7-59EE11A77008} = {CD7BF46D-C3A8-47AB-9691-7F00E5838452}
	EndGlobalSection
	GlobalSection(ExtensibilityGlobals) = postSolution
		SolutionGuid = {189C43D9-88D8-4DBB-9541-91AE43472CB8}
	EndGlobalSection
EndGlobal
